
Microsoft Visual Studio Solution File, Format Version 12.00
# Visual Studio Version 16
VisualStudioVersion = 16.0.30907.101
MinimumVisualStudioVersion = 10.0.40219.1
Project("{F14B399A-7131-4C87-9E4B-1186C45EF12D}") = "rutin_rapor", "Rapor1\rutin_rapor.rptproj", "{CABD5FFA-FBE5-4E15-9442-E4CA4C29CC5E}"
EndProject
Global
	GlobalSection(SolutionConfigurationPlatforms) = preSolution
		Debug|Default = Debug|Default
		DebugLocal|Default = DebugLocal|Default
		Release|Default = Release|Default
	EndGlobalSection
	GlobalSection(ProjectConfigurationPlatforms) = postSolution
		{CABD5FFA-FBE5-4E15-9442-E4CA4C29CC5E}.Debug|Default.ActiveCfg = Debug
		{CABD5FFA-FBE5-4E15-9442-E4CA4C29CC5E}.Debug|Default.Build.0 = Debug
		{CABD5FFA-FBE5-4E15-9442-E4CA4C29CC5E}.Debug|Default.Deploy.0 = Debug
		{CABD5FFA-FBE5-4E15-9442-E4CA4C29CC5E}.DebugLocal|Default.ActiveCfg = DebugLocal
		{CABD5FFA-FBE5-4E15-9442-E4CA4C29CC5E}.DebugLocal|Default.Build.0 = DebugLocal
		{CABD5FFA-FBE5-4E15-9442-E4CA4C29CC5E}.Release|Default.ActiveCfg = Release
		{CABD5FFA-FBE5-4E15-9442-E4CA4C29CC5E}.Release|Default.Build.0 = Release
		{CABD5FFA-FBE5-4E15-9442-E4CA4C29CC5E}.Release|Default.Deploy.0 = Release
	EndGlobalSection
	GlobalSection(SolutionProperties) = preSolution
		HideSolutionNode = FALSE
	EndGlobalSection
	GlobalSection(ExtensibilityGlobals) = postSolution
		SolutionGuid = {7C84E914-3185-49D5-9D68-A0BF1887327C}
	EndGlobalSection
EndGlobal
